{
  "name": "lavi",
  "version": "1.0.0",
  "lockfileVersion": 2,
  "requires": true,
  "packages": {
    "": {
      "version": "1.0.0",
      "license": "MIT",
      "dependencies": {
        "handsfree": "^8.4.4"
      }
    },
    "node_modules/fingerpose": {
      "version": "0.0.2",
      "resolved": "https://registry.npmjs.org/fingerpose/-/fingerpose-0.0.2.tgz",
      "integrity": "sha512-KNFly+Qc8B8fumdzoP6PhEY/UHodzjXmyo5+0ZsbNs0F+X2Mn4iiErcofnGONwwtcDuL2pvCC8bCwI9u1qPLDw=="
    },
    "node_modules/gsap": {
      "version": "2.1.3",
      "resolved": "https://registry.npmjs.org/gsap/-/gsap-2.1.3.tgz",
      "integrity": "sha512-8RFASCqi2FOCBuv7X4o7M6bLdy+1hbR0azg+MG7zz+EVsI+OmJblYsTk0GEepQd2Jg/ItMPiVTibF7r3EVxjZQ=="
    },
    "node_modules/handsfree": {
      "version": "8.4.4",
      "resolved": "https://registry.npmjs.org/handsfree/-/handsfree-8.4.4.tgz",
      "integrity": "sha512-+2NPkzxLmk8f+18D6YxwLKiR3dUHMBPXV0E7rrgjZBBxTEcNz8XJBVy1lKGgiuuqDwiIoG7fFfRpKTFmRDdt/w==",
      "dependencies": {
        "fingerpose": "0.0.2",
        "gsap": "^2.1.3",
        "lodash": "^4.17.20"
      }
    },
    "node_modules/lodash": {
      "version": "4.17.21",
      "resolved": "https://registry.npmjs.org/lodash/-/lodash-4.17.21.tgz",
      "integrity": "sha512-v2kDEe57lecTulaDIuNTPy3Ry4gLGJ6Z1O3vE1krgXZNrsQ+LFTGHVxVjcXPs17LhbZVGedAJv8XZ1tvj5FvSg=="
    }
  },
  "dependencies": {
    "fingerpose": {
      "version": "0.0.2",
      "resolved": "https://registry.npmjs.org/fingerpose/-/fingerpose-0.0.2.tgz",
      "integrity": "sha512-KNFly+Qc8B8fumdzoP6PhEY/UHodzjXmyo5+0ZsbNs0F+X2Mn4iiErcofnGONwwtcDuL2pvCC8bCwI9u1qPLDw=="
    },
    "gsap": {
      "version": "2.1.3",
      "resolved": "https://registry.npmjs.org/gsap/-/gsap-2.1.3.tgz",
      "integrity": "sha512-8RFASCqi2FOCBuv7X4o7M6bLdy+1hbR0azg+MG7zz+EVsI+OmJblYsTk0GEepQd2Jg/ItMPiVTibF7r3EVxjZQ=="
    },
    "handsfree": {
      "version": "8.4.4",
      "resolved": "https://registry.npmjs.org/handsfree/-/handsfree-8.4.4.tgz",
      "integrity": "sha512-+2NPkzxLmk8f+18D6YxwLKiR3dUHMBPXV0E7rrgjZBBxTEcNz8XJBVy1lKGgiuuqDwiIoG7fFfRpKTFmRDdt/w==",
      "requires": {
        "fingerpose": "0.0.2",
        "gsap": "^2.1.3",
        "lodash": "^4.17.20"
      }
    },
    "lodash": {
      "version": "4.17.21",
      "resolved": "https://registry.npmjs.org/lodash/-/lodash-4.17.21.tgz",
      "integrity": "sha512-v2kDEe57lecTulaDIuNTPy3Ry4gLGJ6Z1O3vE1krgXZNrsQ+LFTGHVxVjcXPs17LhbZVGedAJv8XZ1tvj5FvSg=="
    }
  }
}
